
Microsoft Visual Studio Solution File, Format Version 12.00
# Visual Studio Version 17
VisualStudioVersion = 17.1.32414.318
MinimumVisualStudioVersion = 10.0.40219.1
Project("{FAE04EC0-301F-11D3-BF4B-00C04F79EFBC}") = "TelegramQrCodeTestProject", "TelegramQrCodeTestProject\TelegramQrCodeTestProject.csproj", "{21F8EBAE-FB07-40AF-B5CC-C8854CEEC294}"
EndProject
Global
	GlobalSection(SolutionConfigurationPlatforms) = preSolution
		Debug|Any CPU = Debug|Any CPU
		Release|Any CPU = Release|Any CPU
	EndGlobalSection
	GlobalSection(ProjectConfigurationPlatforms) = postSolution
		{21F8EBAE-FB07-40AF-B5CC-C8854CEEC294}.Debug|Any CPU.ActiveCfg = Debug|Any CPU
		{21F8EBAE-FB07-40AF-B5CC-C8854CEEC294}.Debug|Any CPU.Build.0 = Debug|Any CPU
		{21F8EBAE-FB07-40AF-B5CC-C8854CEEC294}.Release|Any CPU.ActiveCfg = Release|Any CPU
		{21F8EBAE-FB07-40AF-B5CC-C8854CEEC294}.Release|Any CPU.Build.0 = Release|Any CPU
	EndGlobalSection
	GlobalSection(SolutionProperties) = preSolution
		HideSolutionNode = FALSE
	EndGlobalSection
	GlobalSection(ExtensibilityGlobals) = postSolution
		SolutionGuid = {DB4A767D-B1DC-4A94-9322-27551E61DE2D}
	EndGlobalSection
EndGlobal
